
Microsoft Visual Studio Solution File, Format Version 12.00
# Visual Studio Version 17
VisualStudioVersion = 17.11.35303.130
MinimumVisualStudioVersion = 10.0.40219.1
Project("{FAE04EC0-301F-11D3-BF4B-00C04F79EFBC}") = "OOP LAB-4", "OOP LAB-4.csproj", "{3428BD70-E793-4F31-BDE2-FE5638DB1A03}"
EndProject
Global
	GlobalSection(SolutionConfigurationPlatforms) = preSolution
		Debug|Any CPU = Debug|Any CPU
		Release|Any CPU = Release|Any CPU
	EndGlobalSection
	GlobalSection(ProjectConfigurationPlatforms) = postSolution
		{3428BD70-E793-4F31-BDE2-FE5638DB1A03}.Debug|Any CPU.ActiveCfg = Debug|Any CPU
		{3428BD70-E793-4F31-BDE2-FE5638DB1A03}.Debug|Any CPU.Build.0 = Debug|Any CPU
		{3428BD70-E793-4F31-BDE2-FE5638DB1A03}.Release|Any CPU.ActiveCfg = Release|Any CPU
		{3428BD70-E793-4F31-BDE2-FE5638DB1A03}.Release|Any CPU.Build.0 = Release|Any CPU
	EndGlobalSection
	GlobalSection(SolutionProperties) = preSolution
		HideSolutionNode = FALSE
	EndGlobalSection
	GlobalSection(ExtensibilityGlobals) = postSolution
		SolutionGuid = {20A5285D-EBEC-4B20-B48B-54D2725AFBA9}
	EndGlobalSection
EndGlobal
