
Microsoft Visual Studio Solution File, Format Version 12.00
# Visual Studio Version 17
VisualStudioVersion = 17.11.35303.130
MinimumVisualStudioVersion = 10.0.40219.1
Project("{FAE04EC0-301F-11D3-BF4B-00C04F79EFBC}") = "OOP LAB", "OOP LAB.csproj", "{AA452307-21D9-481E-843D-796701211C95}"
EndProject
Global
	GlobalSection(SolutionConfigurationPlatforms) = preSolution
		Debug|Any CPU = Debug|Any CPU
		Release|Any CPU = Release|Any CPU
	EndGlobalSection
	GlobalSection(ProjectConfigurationPlatforms) = postSolution
		{AA452307-21D9-481E-843D-796701211C95}.Debug|Any CPU.ActiveCfg = Debug|Any CPU
		{AA452307-21D9-481E-843D-796701211C95}.Debug|Any CPU.Build.0 = Debug|Any CPU
		{AA452307-21D9-481E-843D-796701211C95}.Release|Any CPU.ActiveCfg = Release|Any CPU
		{AA452307-21D9-481E-843D-796701211C95}.Release|Any CPU.Build.0 = Release|Any CPU
	EndGlobalSection
	GlobalSection(SolutionProperties) = preSolution
		HideSolutionNode = FALSE
	EndGlobalSection
	GlobalSection(ExtensibilityGlobals) = postSolution
		SolutionGuid = {5BD90DB2-BDF2-4489-808F-028F728D9D9B}
	EndGlobalSection
EndGlobal
